// !$*UTF8*$!
{
	archiveVersion = 1;
	classes = {
	};
	objectVersion = 56;
	objects = {

/* Begin PBXBuildFile section */
		F054DC9B2A5FE05C00C5D5EB /* FigmaTokenTestApp.swift in Sources */ = {isa = PBXBuildFile; fileRef = F054DC9A2A5FE05C00C5D5EB /* FigmaTokenTestApp.swift */; };
		F054DC9D2A5FE05C00C5D5EB /* ContentView.swift in Sources */ = {isa = PBXBuildFile; fileRef = F054DC9C2A5FE05C00C5D5EB /* ContentView.swift */; };
		F054DC9F2A5FE05D00C5D5EB /* Assets.xcassets in Resources */ = {isa = PBXBuildFile; fileRef = F054DC9E2A5FE05D00C5D5EB /* Assets.xcassets */; };
		F054DCA22A5FE05D00C5D5EB /* Preview Assets.xcassets in Resources */ = {isa = PBXBuildFile; fileRef = F054DCA12A5FE05D00C5D5EB /* Preview Assets.xcassets */; };
		F054DCAC2A5FE05D00C5D5EB /* FigmaTokenTestTests.swift in Sources */ = {isa = PBXBuildFile; fileRef = F054DCAB2A5FE05D00C5D5EB /* FigmaTokenTestTests.swift */; };
		F054DCB62A5FE05D00C5D5EB /* FigmaTokenTestUITests.swift in Sources */ = {isa = PBXBuildFile; fileRef = F054DCB52A5FE05D00C5D5EB /* FigmaTokenTestUITests.swift */; };
		F054DCB82A5FE05D00C5D5EB /* FigmaTokenTestUITestsLaunchTests.swift in Sources */ = {isa = PBXBuildFile; fileRef = F054DCB72A5FE05D00C5D5EB /* FigmaTokenTestUITestsLaunchTests.swift */; };
		F054DCC52A5FE68000C5D5EB /* token.json in Resources */ = {isa = PBXBuildFile; fileRef = F054DCC42A5FE68000C5D5EB /* token.json */; };
/* End PBXBuildFile section */

/* Begin PBXContainerItemProxy section */
		F054DCA82A5FE05D00C5D5EB /* PBXContainerItemProxy */ = {
			isa = PBXContainerItemProxy;
			containerPortal = F054DC8F2A5FE05C00C5D5EB /* Project object */;
			proxyType = 1;
			remoteGlobalIDString = F054DC962A5FE05C00C5D5EB;
			remoteInfo = FigmaTokenTest;
		};
		F054DCB22A5FE05D00C5D5EB /* PBXContainerItemProxy */ = {
			isa = PBXContainerItemProxy;
			containerPortal = F054DC8F2A5FE05C00C5D5EB /* Project object */;
			proxyType = 1;
			remoteGlobalIDString = F054DC962A5FE05C00C5D5EB;
			remoteInfo = FigmaTokenTest;
		};
/* End PBXContainerItemProxy section */

/* Begin PBXFileReference section */
		F054DC972A5FE05C00C5D5EB /* FigmaTokenTest.app */ = {isa = PBXFileReference; explicitFileType = wrapper.application; includeInIndex = 0; path = FigmaTokenTest.app; sourceTree = BUILT_PRODUCTS_DIR; };
		F054DC9A2A5FE05C00C5D5EB /* FigmaTokenTestApp.swift */ = {isa = PBXFileReference; lastKnownFileType = sourcecode.swift; path = FigmaTokenTestApp.swift; sourceTree = "<group>"; };
		F054DC9C2A5FE05C00C5D5EB /* ContentView.swift */ = {isa = PBXFileReference; lastKnownFileType = sourcecode.swift; path = ContentView.swift; sourceTree = "<group>"; };
		F054DC9E2A5FE05D00C5D5EB /* Assets.xcassets */ = {isa = PBXFileReference; lastKnownFileType = folder.assetcatalog; path = Assets.xcassets; sourceTree = "<group>"; };
		F054DCA12A5FE05D00C5D5EB /* Preview Assets.xcassets */ = {isa = PBXFileReference; lastKnownFileType = folder.assetcatalog; path = "Preview Assets.xcassets"; sourceTree = "<group>"; };
		F054DCA72A5FE05D00C5D5EB /* FigmaTokenTestTests.xctest */ = {isa = PBXFileReference; explicitFileType = wrapper.cfbundle; includeInIndex = 0; path = FigmaTokenTestTests.xctest; sourceTree = BUILT_PRODUCTS_DIR; };
		F054DCAB2A5FE05D00C5D5EB /* FigmaTokenTestTests.swift */ = {isa = PBXFileReference; lastKnownFileType = sourcecode.swift; path = FigmaTokenTestTests.swift; sourceTree = "<group>"; };
		F054DCB12A5FE05D00C5D5EB /* FigmaTokenTestUITests.xctest */ = {isa = PBXFileReference; explicitFileType = wrapper.cfbundle; includeInIndex = 0; path = FigmaTokenTestUITests.xctest; sourceTree = BUILT_PRODUCTS_DIR; };
		F054DCB52A5FE05D00C5D5EB /* FigmaTokenTestUITests.swift */ = {isa = PBXFileReference; lastKnownFileType = sourcecode.swift; path = FigmaTokenTestUITests.swift; sourceTree = "<group>"; };
		F054DCB72A5FE05D00C5D5EB /* FigmaTokenTestUITestsLaunchTests.swift */ = {isa = PBXFileReference; lastKnownFileType = sourcecode.swift; path = FigmaTokenTestUITestsLaunchTests.swift; sourceTree = "<group>"; };
		F054DCC42A5FE68000C5D5EB /* token.json */ = {isa = PBXFileReference; lastKnownFileType = text.json; path = token.json; sourceTree = "<group>"; };
/* End PBXFileReference section */

/* Begin PBXFrameworksBuildPhase section */
		F054DC942A5FE05C00C5D5EB /* Frameworks */ = {
			isa = PBXFrameworksBuildPhase;
			buildActionMask = 2147483647;
			files = (
			);
			runOnlyForDeploymentPostprocessing = 0;
		};
		F054DCA42A5FE05D00C5D5EB /* Frameworks */ = {
			isa = PBXFrameworksBuildPhase;
			buildActionMask = 2147483647;
			files = (
			);
			runOnlyForDeploymentPostprocessing = 0;
		};
		F054DCAE2A5FE05D00C5D5EB /* Frameworks */ = {
			isa = PBXFrameworksBuildPhase;
			buildActionMask = 2147483647;
			files = (
			);
			runOnlyForDeploymentPostprocessing = 0;
		};
/* End PBXFrameworksBuildPhase section */

/* Begin PBXGroup section */
		F054DC8E2A5FE05C00C5D5EB = {
			isa = PBXGroup;
			children = (
				F054DC992A5FE05C00C5D5EB /* FigmaTokenTest */,
				F054DCAA2A5FE05D00C5D5EB /* FigmaTokenTestTests */,
				F054DCB42A5FE05D00C5D5EB /* FigmaTokenTestUITests */,
				F054DC982A5FE05C00C5D5EB /* Products */,
			);
			sourceTree = "<group>";
		};
		F054DC982A5FE05C00C5D5EB /* Products */ = {
			isa = PBXGroup;
			children = (
				F054DC972A5FE05C00C5D5EB /* FigmaTokenTest.app */,
				F054DCA72A5FE05D00C5D5EB /* FigmaTokenTestTests.xctest */,
				F054DCB12A5FE05D00C5D5EB /* FigmaTokenTestUITests.xctest */,
			);
			name = Products;
			sourceTree = "<group>";
		};
		F054DC992A5FE05C00C5D5EB /* FigmaTokenTest */ = {
			isa = PBXGroup;
			children = (
				F054DC9A2A5FE05C00C5D5EB /* FigmaTokenTestApp.swift */,
				F054DC9C2A5FE05C00C5D5EB /* ContentView.swift */,
				F054DC9E2A5FE05D00C5D5EB /* Assets.xcassets */,
				F054DCA02A5FE05D00C5D5EB /* Preview Content */,
				F054DCC42A5FE68000C5D5EB /* token.json */,
			);
			path = FigmaTokenTest;
			sourceTree = "<group>";
		};
		F054DCA02A5FE05D00C5D5EB /* Preview Content */ = {
			isa = PBXGroup;
			children = (
				F054DCA12A5FE05D00C5D5EB /* Preview Assets.xcassets */,
			);
			path = "Preview Content";
			sourceTree = "<group>";
		};
		F054DCAA2A5FE05D00C5D5EB /* FigmaTokenTestTests */ = {
			isa = PBXGroup;
			children = (
				F054DCAB2A5FE05D00C5D5EB /* FigmaTokenTestTests.swift */,
			);
			path = FigmaTokenTestTests;
			sourceTree = "<group>";
		};
		F054DCB42A5FE05D00C5D5EB /* FigmaTokenTestUITests */ = {
			isa = PBXGroup;
			children = (
				F054DCB52A5FE05D00C5D5EB /* FigmaTokenTestUITests.swift */,
				F054DCB72A5FE05D00C5D5EB /* FigmaTokenTestUITestsLaunchTests.swift */,
			);
			path = FigmaTokenTestUITests;
			sourceTree = "<group>";
		};
/* End PBXGroup section */

/* Begin PBXNativeTarget section */
		F054DC962A5FE05C00C5D5EB /* FigmaTokenTest */ = {
			isa = PBXNativeTarget;
			buildConfigurationList = F054DCBB2A5FE05D00C5D5EB /* Build configuration list for PBXNativeTarget "FigmaTokenTest" */;
			buildPhases = (
				F054DC932A5FE05C00C5D5EB /* Sources */,
				F054DC942A5FE05C00C5D5EB /* Frameworks */,
				F054DC952A5FE05C00C5D5EB /* Resources */,
			);
			buildRules = (
			);
			dependencies = (
			);
			name = FigmaTokenTest;
			productName = FigmaTokenTest;
			productReference = F054DC972A5FE05C00C5D5EB /* FigmaTokenTest.app */;
			productType = "com.apple.product-type.application";
		};
		F054DCA62A5FE05D00C5D5EB /* FigmaTokenTestTests */ = {
			isa = PBXNativeTarget;
			buildConfigurationList = F054DCBE2A5FE05D00C5D5EB /* Build configuration list for PBXNativeTarget "FigmaTokenTestTests" */;
			buildPhases = (
				F054DCA32A5FE05D00C5D5EB /* Sources */,
				F054DCA42A5FE05D00C5D5EB /* Frameworks */,
				F054DCA52A5FE05D00C5D5EB /* Resources */,
			);
			buildRules = (
			);
			dependencies = (
				F054DCA92A5FE05D00C5D5EB /* PBXTargetDependency */,
			);
			name = FigmaTokenTestTests;
			productName = FigmaTokenTestTests;
			productReference = F054DCA72A5FE05D00C5D5EB /* FigmaTokenTestTests.xctest */;
			productType = "com.apple.product-type.bundle.unit-test";
		};
		F054DCB02A5FE05D00C5D5EB /* FigmaTokenTestUITests */ = {
			isa = PBXNativeTarget;
			buildConfigurationList = F054DCC12A5FE05D00C5D5EB /* Build configuration list for PBXNativeTarget "FigmaTokenTestUITests" */;
			buildPhases = (
				F054DCAD2A5FE05D00C5D5EB /* Sources */,
				F054DCAE2A5FE05D00C5D5EB /* Frameworks */,
				F054DCAF2A5FE05D00C5D5EB /* Resources */,
			);
			buildRules = (
			);
			dependencies = (
				F054DCB32A5FE05D00C5D5EB /* PBXTargetDependency */,
			);
			name = FigmaTokenTestUITests;
			productName = FigmaTokenTestUITests;
			productReference = F054DCB12A5FE05D00C5D5EB /* FigmaTokenTestUITests.xctest */;
			productType = "com.apple.product-type.bundle.ui-testing";
		};
/* End PBXNativeTarget section */

/* Begin PBXProject section */
		F054DC8F2A5FE05C00C5D5EB /* Project object */ = {
			isa = PBXProject;
			attributes = {
				BuildIndependentTargetsInParallel = 1;
				LastSwiftUpdateCheck = 1430;
				LastUpgradeCheck = 1430;
				TargetAttributes = {
					F054DC962A5FE05C00C5D5EB = {
						CreatedOnToolsVersion = 14.3.1;
					};
					F054DCA62A5FE05D00C5D5EB = {
						CreatedOnToolsVersion = 14.3.1;
						TestTargetID = F054DC962A5FE05C00C5D5EB;
					};
					F054DCB02A5FE05D00C5D5EB = {
						CreatedOnToolsVersion = 14.3.1;
						TestTargetID = F054DC962A5FE05C00C5D5EB;
					};
				};
			};
			buildConfigurationList = F054DC922A5FE05C00C5D5EB /* Build configuration list for PBXProject "FigmaTokenTest" */;
			compatibilityVersion = "Xcode 14.0";
			developmentRegion = en;
			hasScannedForEncodings = 0;
			knownRegions = (
				en,
				Base,
			);
			mainGroup = F054DC8E2A5FE05C00C5D5EB;
			productRefGroup = F054DC982A5FE05C00C5D5EB /* Products */;
			projectDirPath = "";
			projectRoot = "";
			targets = (
				F054DC962A5FE05C00C5D5EB /* FigmaTokenTest */,
				F054DCA62A5FE05D00C5D5EB /* FigmaTokenTestTests */,
				F054DCB02A5FE05D00C5D5EB /* FigmaTokenTestUITests */,
			);
		};
/* End PBXProject section */

/* Begin PBXResourcesBuildPhase section */
		F054DC952A5FE05C00C5D5EB /* Resources */ = {
			isa = PBXResourcesBuildPhase;
			buildActionMask = 2147483647;
			files = (
				F054DCA22A5FE05D00C5D5EB /* Preview Assets.xcassets in Resources */,
				F054DC9F2A5FE05D00C5D5EB /* Assets.xcassets in Resources */,
				F054DCC52A5FE68000C5D5EB /* token.json in Resources */,
			);
			runOnlyForDeploymentPostprocessing = 0;
		};
		F054DCA52A5FE05D00C5D5EB /* Resources */ = {
			isa = PBXResourcesBuildPhase;
			buildActionMask = 2147483647;
			files = (
			);
			runOnlyForDeploymentPostprocessing = 0;
		};
		F054DCAF2A5FE05D00C5D5EB /* Resources */ = {
			isa = PBXResourcesBuildPhase;
			buildActionMask = 2147483647;
			files = (
			);
			runOnlyForDeploymentPostprocessing = 0;
		};
/* End PBXResourcesBuildPhase section */

/* Begin PBXSourcesBuildPhase section */
		F054DC932A5FE05C00C5D5EB /* Sources */ = {
			isa = PBXSourcesBuildPhase;
			buildActionMask = 2147483647;
			files = (
				F054DC9D2A5FE05C00C5D5EB /* ContentView.swift in Sources */,
				F054DC9B2A5FE05C00C5D5EB /* FigmaTokenTestApp.swift in Sources */,
			);
			runOnlyForDeploymentPostprocessing = 0;
		};
		F054DCA32A5FE05D00C5D5EB /* Sources */ = {
			isa = PBXSourcesBuildPhase;
			buildActionMask = 2147483647;
			files = (
				F054DCAC2A5FE05D00C5D5EB /* FigmaTokenTestTests.swift in Sources */,
			);
			runOnlyForDeploymentPostprocessing = 0;
		};
		F054DCAD2A5FE05D00C5D5EB /* Sources */ = {
			isa = PBXSourcesBuildPhase;
			buildActionMask = 2147483647;
			files = (
				F054DCB62A5FE05D00C5D5EB /* FigmaTokenTestUITests.swift in Sources */,
				F054DCB82A5FE05D00C5D5EB /* FigmaTokenTestUITestsLaunchTests.swift in Sources */,
			);
			runOnlyForDeploymentPostprocessing = 0;
		};
/* End PBXSourcesBuildPhase section */

/* Begin PBXTargetDependency section */
		F054DCA92A5FE05D00C5D5EB /* PBXTargetDependency */ = {
			isa = PBXTargetDependency;
			target = F054DC962A5FE05C00C5D5EB /* FigmaTokenTest */;
			targetProxy = F054DCA82A5FE05D00C5D5EB /* PBXContainerItemProxy */;
		};
		F054DCB32A5FE05D00C5D5EB /* PBXTargetDependency */ = {
			isa = PBXTargetDependency;
			target = F054DC962A5FE05C00C5D5EB /* FigmaTokenTest */;
			targetProxy = F054DCB22A5FE05D00C5D5EB /* PBXContainerItemProxy */;
		};
/* End PBXTargetDependency section */

/* Begin XCBuildConfiguration section */
		F054DCB92A5FE05D00C5D5EB /* Debug */ = {
			isa = XCBuildConfiguration;
			buildSettings = {
				ALWAYS_SEARCH_USER_PATHS = NO;
				CLANG_ANALYZER_NONNULL = YES;
				CLANG_ANALYZER_NUMBER_OBJECT_CONVERSION = YES_AGGRESSIVE;
				CLANG_CXX_LANGUAGE_STANDARD = "gnu++20";
				CLANG_ENABLE_MODULES = YES;
				CLANG_ENABLE_OBJC_ARC = YES;
				CLANG_ENABLE_OBJC_WEAK = YES;
				CLANG_WARN_BLOCK_CAPTURE_AUTORELEASING = YES;
				CLANG_WARN_BOOL_CONVERSION = YES;
				CLANG_WARN_COMMA = YES;
				CLANG_WARN_CONSTANT_CONVERSION = YES;
				CLANG_WARN_DEPRECATED_OBJC_IMPLEMENTATIONS = YES;
				CLANG_WARN_DIRECT_OBJC_ISA_USAGE = YES_ERROR;
				CLANG_WARN_DOCUMENTATION_COMMENTS = YES;
				CLANG_WARN_EMPTY_BODY = YES;
				CLANG_WARN_ENUM_CONVERSION = YES;
				CLANG_WARN_INFINITE_RECURSION = YES;
				CLANG_WARN_INT_CONVERSION = YES;
				CLANG_WARN_NON_LITERAL_NULL_CONVERSION = YES;
				CLANG_WARN_OBJC_IMPLICIT_RETAIN_SELF = YES;
				CLANG_WARN_OBJC_LITERAL_CONVERSION = YES;
				CLANG_WARN_OBJC_ROOT_CLASS = YES_ERROR;
				CLANG_WARN_QUOTED_INCLUDE_IN_FRAMEWORK_HEADER = YES;
				CLANG_WARN_RANGE_LOOP_ANALYSIS = YES;
				CLANG_WARN_STRICT_PROTOTYPES = YES;
				CLANG_WARN_SUSPICIOUS_MOVE = YES;
				CLANG_WARN_UNGUARDED_AVAILABILITY = YES_AGGRESSIVE;
				CLANG_WARN_UNREACHABLE_CODE = YES;
				CLANG_WARN__DUPLICATE_METHOD_MATCH = YES;
				COPY_PHASE_STRIP = NO;
				DEBUG_INFORMATION_FORMAT = dwarf;
				ENABLE_STRICT_OBJC_MSGSEND = YES;
				ENABLE_TESTABILITY = YES;
				GCC_C_LANGUAGE_STANDARD = gnu11;
				GCC_DYNAMIC_NO_PIC = NO;
				GCC_NO_COMMON_BLOCKS = YES;
				GCC_OPTIMIZATION_LEVEL = 0;
				GCC_PREPROCESSOR_DEFINITIONS = (
					"DEBUG=1",
					"$(inherited)",
				);
				GCC_WARN_64_TO_32_BIT_CONVERSION = YES;
				GCC_WARN_ABOUT_RETURN_TYPE = YES_ERROR;
				GCC_WARN_UNDECLARED_SELECTOR = YES;
				GCC_WARN_UNINITIALIZED_AUTOS = YES_AGGRESSIVE;
				GCC_WARN_UNUSED_FUNCTION = YES;
				GCC_WARN_UNUSED_VARIABLE = YES;
				IPHONEOS_DEPLOYMENT_TARGET = 16.4;
				MTL_ENABLE_DEBUG_INFO = INCLUDE_SOURCE;
				MTL_FAST_MATH = YES;
				ONLY_ACTIVE_ARCH = YES;
				SDKROOT = iphoneos;
				SWIFT_ACTIVE_COMPILATION_CONDITIONS = DEBUG;
				SWIFT_OPTIMIZATION_LEVEL = "-Onone";
			};
			name = Debug;
		};
		F054DCBA2A5FE05D00C5D5EB /* Release */ = {
			isa = XCBuildConfiguration;
			buildSettings = {
				ALWAYS_SEARCH_USER_PATHS = NO;
				CLANG_ANALYZER_NONNULL = YES;
				CLANG_ANALYZER_NUMBER_OBJECT_CONVERSION = YES_AGGRESSIVE;
				CLANG_CXX_LANGUAGE_STANDARD = "gnu++20";
				CLANG_ENABLE_MODULES = YES;
				CLANG_ENABLE_OBJC_ARC = YES;
				CLANG_ENABLE_OBJC_WEAK = YES;
				CLANG_WARN_BLOCK_CAPTURE_AUTORELEASING = YES;
				CLANG_WARN_BOOL_CONVERSION = YES;
				CLANG_WARN_COMMA = YES;
				CLANG_WARN_CONSTANT_CONVERSION = YES;
				CLANG_WARN_DEPRECATED_OBJC_IMPLEMENTATIONS = YES;
				CLANG_WARN_DIRECT_OBJC_ISA_USAGE = YES_ERROR;
				CLANG_WARN_DOCUMENTATION_COMMENTS = YES;
				CLANG_WARN_EMPTY_BODY = YES;
				CLANG_WARN_ENUM_CONVERSION = YES;
				CLANG_WARN_INFINITE_RECURSION = YES;
				CLANG_WARN_INT_CONVERSION = YES;
				CLANG_WARN_NON_LITERAL_NULL_CONVERSION = YES;
				CLANG_WARN_OBJC_IMPLICIT_RETAIN_SELF = YES;
				CLANG_WARN_OBJC_LITERAL_CONVERSION = YES;
				CLANG_WARN_OBJC_ROOT_CLASS = YES_ERROR;
				CLANG_WARN_QUOTED_INCLUDE_IN_FRAMEWORK_HEADER = YES;
				CLANG_WARN_RANGE_LOOP_ANALYSIS = YES;
				CLANG_WARN_STRICT_PROTOTYPES = YES;
				CLANG_WARN_SUSPICIOUS_MOVE = YES;
				CLANG_WARN_UNGUARDED_AVAILABILITY = YES_AGGRESSIVE;
				CLANG_WARN_UNREACHABLE_CODE = YES;
				CLANG_WARN__DUPLICATE_METHOD_MATCH = YES;
				COPY_PHASE_STRIP = NO;
				DEBUG_INFORMATION_FORMAT = "dwarf-with-dsym";
				ENABLE_NS_ASSERTIONS = NO;
				ENABLE_STRICT_OBJC_MSGSEND = YES;
				GCC_C_LANGUAGE_STANDARD = gnu11;
				GCC_NO_COMMON_BLOCKS = YES;
				GCC_WARN_64_TO_32_BIT_CONVERSION = YES;
				GCC_WARN_ABOUT_RETURN_TYPE = YES_ERROR;
				GCC_WARN_UNDECLARED_SELECTOR = YES;
				GCC_WARN_UNINITIALIZED_AUTOS = YES_AGGRESSIVE;
				GCC_WARN_UNUSED_FUNCTION = YES;
				GCC_WARN_UNUSED_VARIABLE = YES;
				IPHONEOS_DEPLOYMENT_TARGET = 16.4;
				MTL_ENABLE_DEBUG_INFO = NO;
				MTL_FAST_MATH = YES;
				SDKROOT = iphoneos;
				SWIFT_COMPILATION_MODE = wholemodule;
				SWIFT_OPTIMIZATION_LEVEL = "-O";
				VALIDATE_PRODUCT = YES;
			};
			name = Release;
		};
		F054DCBC2A5FE05D00C5D5EB /* Debug */ = {
			isa = XCBuildConfiguration;
			buildSettings = {
				ASSETCATALOG_COMPILER_APPICON_NAME = AppIcon;
				ASSETCATALOG_COMPILER_GLOBAL_ACCENT_COLOR_NAME = AccentColor;
				CODE_SIGN_STYLE = Automatic;
				CURRENT_PROJECT_VERSION = 1;
				DEVELOPMENT_ASSET_PATHS = "\"FigmaTokenTest/Preview Content\"";
				DEVELOPMENT_TEAM = 27WJDMWS6V;
				ENABLE_PREVIEWS = YES;
				GENERATE_INFOPLIST_FILE = YES;
				INFOPLIST_KEY_UIApplicationSceneManifest_Generation = YES;
				INFOPLIST_KEY_UIApplicationSupportsIndirectInputEvents = YES;
				INFOPLIST_KEY_UILaunchScreen_Generation = YES;
				INFOPLIST_KEY_UISupportedInterfaceOrientations_iPad = "UIInterfaceOrientationPortrait UIInterfaceOrientationPortraitUpsideDown UIInterfaceOrientationLandscapeLeft UIInterfaceOrientationLandscapeRight";
				INFOPLIST_KEY_UISupportedInterfaceOrientations_iPhone = "UIInterfaceOrientationPortrait UIInterfaceOrientationLandscapeLeft UIInterfaceOrientationLandscapeRight";
				LD_RUNPATH_SEARCH_PATHS = (
					"$(inherited)",
					"@executable_path/Frameworks",
				);
				MARKETING_VERSION = 1.0;
				PRODUCT_BUNDLE_IDENTIFIER = com.idealapp.FigmaTokenTest;
				PRODUCT_NAME = "$(TARGET_NAME)";
				SWIFT_EMIT_LOC_STRINGS = YES;
				SWIFT_VERSION = 5.0;
				TARGETED_DEVICE_FAMILY = "1,2";
			};
			name = Debug;
		};
		F054DCBD2A5FE05D00C5D5EB /* Release */ = {
			isa = XCBuildConfiguration;
			buildSettings = {
				ASSETCATALOG_COMPILER_APPICON_NAME = AppIcon;
				ASSETCATALOG_COMPILER_GLOBAL_ACCENT_COLOR_NAME = AccentColor;
				CODE_SIGN_STYLE = Automatic;
				CURRENT_PROJECT_VERSION = 1;
				DEVELOPMENT_ASSET_PATHS = "\"FigmaTokenTest/Preview Content\"";
				DEVELOPMENT_TEAM = 27WJDMWS6V;
				ENABLE_PREVIEWS = YES;
				GENERATE_INFOPLIST_FILE = YES;
				INFOPLIST_KEY_UIApplicationSceneManifest_Generation = YES;
				INFOPLIST_KEY_UIApplicationSupportsIndirectInputEvents = YES;
				INFOPLIST_KEY_UILaunchScreen_Generation = YES;
				INFOPLIST_KEY_UISupportedInterfaceOrientations_iPad = "UIInterfaceOrientationPortrait UIInterfaceOrientationPortraitUpsideDown UIInterfaceOrientationLandscapeLeft UIInterfaceOrientationLandscapeRight";
				INFOPLIST_KEY_UISupportedInterfaceOrientations_iPhone = "UIInterfaceOrientationPortrait UIInterfaceOrientationLandscapeLeft UIInterfaceOrientationLandscapeRight";
				LD_RUNPATH_SEARCH_PATHS = (
					"$(inherited)",
					"@executable_path/Frameworks",
				);
				MARKETING_VERSION = 1.0;
				PRODUCT_BUNDLE_IDENTIFIER = com.idealapp.FigmaTokenTest;
				PRODUCT_NAME = "$(TARGET_NAME)";
				SWIFT_EMIT_LOC_STRINGS = YES;
				SWIFT_VERSION = 5.0;
				TARGETED_DEVICE_FAMILY = "1,2";
			};
			name = Release;
		};
		F054DCBF2A5FE05D00C5D5EB /* Debug */ = {
			isa = XCBuildConfiguration;
			buildSettings = {
				ALWAYS_EMBED_SWIFT_STANDARD_LIBRARIES = YES;
				BUNDLE_LOADER = "$(TEST_HOST)";
				CODE_SIGN_STYLE = Automatic;
				CURRENT_PROJECT_VERSION = 1;
				DEVELOPMENT_TEAM = 27WJDMWS6V;
				GENERATE_INFOPLIST_FILE = YES;
				IPHONEOS_DEPLOYMENT_TARGET = 16.4;
				MARKETING_VERSION = 1.0;
				PRODUCT_BUNDLE_IDENTIFIER = com.idealapp.FigmaTokenTestTests;
				PRODUCT_NAME = "$(TARGET_NAME)";
				SWIFT_EMIT_LOC_STRINGS = NO;
				SWIFT_VERSION = 5.0;
				TARGETED_DEVICE_FAMILY = "1,2";
				TEST_HOST = "$(BUILT_PRODUCTS_DIR)/FigmaTokenTest.app/$(BUNDLE_EXECUTABLE_FOLDER_PATH)/FigmaTokenTest";
			};
			name = Debug;
		};
		F054DCC02A5FE05D00C5D5EB /* Release */ = {
			isa = XCBuildConfiguration;
			buildSettings = {
				ALWAYS_EMBED_SWIFT_STANDARD_LIBRARIES = YES;
				BUNDLE_LOADER = "$(TEST_HOST)";
				CODE_SIGN_STYLE = Automatic;
				CURRENT_PROJECT_VERSION = 1;
				DEVELOPMENT_TEAM = 27WJDMWS6V;
				GENERATE_INFOPLIST_FILE = YES;
				IPHONEOS_DEPLOYMENT_TARGET = 16.4;
				MARKETING_VERSION = 1.0;
				PRODUCT_BUNDLE_IDENTIFIER = com.idealapp.FigmaTokenTestTests;
				PRODUCT_NAME = "$(TARGET_NAME)";
				SWIFT_EMIT_LOC_STRINGS = NO;
				SWIFT_VERSION = 5.0;
				TARGETED_DEVICE_FAMILY = "1,2";
				TEST_HOST = "$(BUILT_PRODUCTS_DIR)/FigmaTokenTest.app/$(BUNDLE_EXECUTABLE_FOLDER_PATH)/FigmaTokenTest";
			};
			name = Release;
		};
		F054DCC22A5FE05D00C5D5EB /* Debug */ = {
			isa = XCBuildConfiguration;
			buildSettings = {
				ALWAYS_EMBED_SWIFT_STANDARD_LIBRARIES = YES;
				CODE_SIGN_STYLE = Automatic;
				CURRENT_PROJECT_VERSION = 1;
				DEVELOPMENT_TEAM = 27WJDMWS6V;
				GENERATE_INFOPLIST_FILE = YES;
				MARKETING_VERSION = 1.0;
				PRODUCT_BUNDLE_IDENTIFIER = com.idealapp.FigmaTokenTestUITests;
				PRODUCT_NAME = "$(TARGET_NAME)";
				SWIFT_EMIT_LOC_STRINGS = NO;
				SWIFT_VERSION = 5.0;
				TARGETED_DEVICE_FAMILY = "1,2";
				TEST_TARGET_NAME = FigmaTokenTest;
			};
			name = Debug;
		};
		F054DCC32A5FE05D00C5D5EB /* Release */ = {
			isa = XCBuildConfiguration;
			buildSettings = {
				ALWAYS_EMBED_SWIFT_STANDARD_LIBRARIES = YES;
				CODE_SIGN_STYLE = Automatic;
				CURRENT_PROJECT_VERSION = 1;
				DEVELOPMENT_TEAM = 27WJDMWS6V;
				GENERATE_INFOPLIST_FILE = YES;
				MARKETING_VERSION = 1.0;
				PRODUCT_BUNDLE_IDENTIFIER = com.idealapp.FigmaTokenTestUITests;
				PRODUCT_NAME = "$(TARGET_NAME)";
				SWIFT_EMIT_LOC_STRINGS = NO;
				SWIFT_VERSION = 5.0;
				TARGETED_DEVICE_FAMILY = "1,2";
				TEST_TARGET_NAME = FigmaTokenTest;
			};
			name = Release;
		};
/* End XCBuildConfiguration section */

/* Begin XCConfigurationList section */
		F054DC922A5FE05C00C5D5EB /* Build configuration list for PBXProject "FigmaTokenTest" */ = {
			isa = XCConfigurationList;
			buildConfigurations = (
				F054DCB92A5FE05D00C5D5EB /* Debug */,
				F054DCBA2A5FE05D00C5D5EB /* Release */,
			);
			defaultConfigurationIsVisible = 0;
			defaultConfigurationName = Release;
		};
		F054DCBB2A5FE05D00C5D5EB /* Build configuration list for PBXNativeTarget "FigmaTokenTest" */ = {
			isa = XCConfigurationList;
			buildConfigurations = (
				F054DCBC2A5FE05D00C5D5EB /* Debug */,
				F054DCBD2A5FE05D00C5D5EB /* Release */,
			);
			defaultConfigurationIsVisible = 0;
			defaultConfigurationName = Release;
		};
		F054DCBE2A5FE05D00C5D5EB /* Build configuration list for PBXNativeTarget "FigmaTokenTestTests" */ = {
			isa = XCConfigurationList;
			buildConfigurations = (
				F054DCBF2A5FE05D00C5D5EB /* Debug */,
				F054DCC02A5FE05D00C5D5EB /* Release */,
			);
			defaultConfigurationIsVisible = 0;
			defaultConfigurationName = Release;
		};
		F054DCC12A5FE05D00C5D5EB /* Build configuration list for PBXNativeTarget "FigmaTokenTestUITests" */ = {
			isa = XCConfigurationList;
			buildConfigurations = (
				F054DCC22A5FE05D00C5D5EB /* Debug */,
				F054DCC32A5FE05D00C5D5EB /* Release */,
			);
			defaultConfigurationIsVisible = 0;
			defaultConfigurationName = Release;
		};
/* End XCConfigurationList section */
	};
	rootObject = F054DC8F2A5FE05C00C5D5EB /* Project object */;
}
